// !$*UTF8*$!
{
	archiveVersion = 1;
	classes = {
	};
	objectVersion = 42;
	objects = {

/* Begin PBXBuildFile section */
		B69038160996173F00800B4E /* XMiTimeStamp.cpp in Sources */ = {isa = PBXBuildFile; fileRef = B69038140996173F00800B4E /* XMiTimeStamp.cpp */; };
		B69038170996173F00800B4E /* XMiTimeStamp.h in Headers */ = {isa = PBXBuildFile; fileRef = B69038150996173F00800B4E /* XMiTimeStamp.h */; };
		B6B5088509960A410091B7CD /* main.cpp in Sources */ = {isa = PBXBuildFile; fileRef = B6B5088409960A410091B7CD /* main.cpp */; };
		B6B5089509960B360091B7CD /* libXMiLog.a in Frameworks */ = {isa = PBXBuildFile; fileRef = D2AAC046055464E500DB518D /* libXMiLog.a */; };
		B6C6FA39098CF2BF00FF8A74 /* XMiLog.cpp in Sources */ = {isa = PBXBuildFile; fileRef = B6C6FA33098CF2BF00FF8A74 /* XMiLog.cpp */; };
		B6C6FA3A098CF2BF00FF8A74 /* XMiLog.h in Headers */ = {isa = PBXBuildFile; fileRef = B6C6FA34098CF2BF00FF8A74 /* XMiLog.h */; };
		B6C6FA3B098CF2BF00FF8A74 /* XMiLogEntry.cpp in Sources */ = {isa = PBXBuildFile; fileRef = B6C6FA35098CF2BF00FF8A74 /* XMiLogEntry.cpp */; };
		B6C6FA3C098CF2BF00FF8A74 /* XMiLogEntry.h in Headers */ = {isa = PBXBuildFile; fileRef = B6C6FA36098CF2BF00FF8A74 /* XMiLogEntry.h */; };
/* End PBXBuildFile section */

/* Begin PBXContainerItemProxy section */
		B6B50882099609BD0091B7CD /* PBXContainerItemProxy */ = {
			isa = PBXContainerItemProxy;
			containerPortal = 08FB7793FE84155DC02AAC07 /* Project object */;
			proxyType = 1;
			remoteGlobalIDString = D2AAC045055464E500DB518D;
			remoteInfo = XMiLog;
		};
/* End PBXContainerItemProxy section */

/* Begin PBXFileReference section */
		B69038140996173F00800B4E /* XMiTimeStamp.cpp */ = {isa = PBXFileReference; fileEncoding = 30; lastKnownFileType = sourcecode.cpp.cpp; path = XMiTimeStamp.cpp; sourceTree = "<group>"; };
		B69038150996173F00800B4E /* XMiTimeStamp.h */ = {isa = PBXFileReference; fileEncoding = 30; lastKnownFileType = sourcecode.c.h; path = XMiTimeStamp.h; sourceTree = "<group>"; };
		B6B5087C099609600091B7CD /* XMiLogTest */ = {isa = PBXFileReference; explicitFileType = "compiled.mach-o.executable"; includeInIndex = 0; path = XMiLogTest; sourceTree = BUILT_PRODUCTS_DIR; };
		B6B5088409960A410091B7CD /* main.cpp */ = {isa = PBXFileReference; fileEncoding = 30; lastKnownFileType = sourcecode.cpp.cpp; name = main.cpp; path = _test/XMiLogTest/main.cpp; sourceTree = "<group>"; };
		B6C6FA33098CF2BF00FF8A74 /* XMiLog.cpp */ = {isa = PBXFileReference; fileEncoding = 30; lastKnownFileType = sourcecode.cpp.cpp; path = XMiLog.cpp; sourceTree = "<group>"; };
		B6C6FA34098CF2BF00FF8A74 /* XMiLog.h */ = {isa = PBXFileReference; fileEncoding = 30; lastKnownFileType = sourcecode.c.h; path = XMiLog.h; sourceTree = "<group>"; };
		B6C6FA35098CF2BF00FF8A74 /* XMiLogEntry.cpp */ = {isa = PBXFileReference; fileEncoding = 30; lastKnownFileType = sourcecode.cpp.cpp; path = XMiLogEntry.cpp; sourceTree = "<group>"; };
		B6C6FA36098CF2BF00FF8A74 /* XMiLogEntry.h */ = {isa = PBXFileReference; fileEncoding = 30; lastKnownFileType = sourcecode.c.h; path = XMiLogEntry.h; sourceTree = "<group>"; };
		D2AAC046055464E500DB518D /* libXMiLog.a */ = {isa = PBXFileReference; explicitFileType = archive.ar; includeInIndex = 0; path = libXMiLog.a; sourceTree = BUILT_PRODUCTS_DIR; };
/* End PBXFileReference section */

/* Begin PBXFrameworksBuildPhase section */
		B6B5087A099609600091B7CD /* Frameworks */ = {
			isa = PBXFrameworksBuildPhase;
			buildActionMask = 2147483647;
			files = (
				B6B5089509960B360091B7CD /* libXMiLog.a in Frameworks */,
			);
			runOnlyForDeploymentPostprocessing = 0;
		};
		D289987405E68DCB004EDB86 /* Frameworks */ = {
			isa = PBXFrameworksBuildPhase;
			buildActionMask = 2147483647;
			files = (
			);
			runOnlyForDeploymentPostprocessing = 0;
		};
/* End PBXFrameworksBuildPhase section */

/* Begin PBXGroup section */
		08FB7794FE84155DC02AAC07 /* XMiLog */ = {
			isa = PBXGroup;
			children = (
				B6B508810996099E0091B7CD /* XMiLogTest */,
				08FB7795FE84155DC02AAC07 /* XMiLog */,
				1AB674ADFE9D54B511CA2CBB /* Products */,
			);
			name = XMiLog;
			sourceTree = "<group>";
		};
		08FB7795FE84155DC02AAC07 /* XMiLog */ = {
			isa = PBXGroup;
			children = (
				B69038140996173F00800B4E /* XMiTimeStamp.cpp */,
				B69038150996173F00800B4E /* XMiTimeStamp.h */,
				B6C6FA33098CF2BF00FF8A74 /* XMiLog.cpp */,
				B6C6FA34098CF2BF00FF8A74 /* XMiLog.h */,
				B6C6FA35098CF2BF00FF8A74 /* XMiLogEntry.cpp */,
				B6C6FA36098CF2BF00FF8A74 /* XMiLogEntry.h */,
			);
			name = XMiLog;
			sourceTree = "<group>";
		};
		1AB674ADFE9D54B511CA2CBB /* Products */ = {
			isa = PBXGroup;
			children = (
				D2AAC046055464E500DB518D /* libXMiLog.a */,
				B6B5087C099609600091B7CD /* XMiLogTest */,
			);
			name = Products;
			sourceTree = "<group>";
		};
		B6B508810996099E0091B7CD /* XMiLogTest */ = {
			isa = PBXGroup;
			children = (
				B6B5088409960A410091B7CD /* main.cpp */,
			);
			name = XMiLogTest;
			sourceTree = "<group>";
		};
/* End PBXGroup section */

/* Begin PBXHeadersBuildPhase section */
		D2AAC043055464E500DB518D /* Headers */ = {
			isa = PBXHeadersBuildPhase;
			buildActionMask = 2147483647;
			files = (
				B6C6FA3A098CF2BF00FF8A74 /* XMiLog.h in Headers */,
				B6C6FA3C098CF2BF00FF8A74 /* XMiLogEntry.h in Headers */,
				B69038170996173F00800B4E /* XMiTimeStamp.h in Headers */,
			);
			runOnlyForDeploymentPostprocessing = 0;
		};
/* End PBXHeadersBuildPhase section */

/* Begin PBXNativeTarget section */
		B6B5087B099609600091B7CD /* XMiLogTest */ = {
			isa = PBXNativeTarget;
			buildConfigurationList = B6B5087E0996097F0091B7CD /* Build configuration list for PBXNativeTarget "XMiLogTest" */;
			buildPhases = (
				B6B50879099609600091B7CD /* Sources */,
				B6B5087A099609600091B7CD /* Frameworks */,
			);
			buildRules = (
			);
			dependencies = (
				B6B50883099609BD0091B7CD /* PBXTargetDependency */,
			);
			name = XMiLogTest;
			productName = XMiLogTest;
			productReference = B6B5087C099609600091B7CD /* XMiLogTest */;
			productType = "com.apple.product-type.tool";
		};
		D2AAC045055464E500DB518D /* XMiLog */ = {
			isa = PBXNativeTarget;
			buildConfigurationList = 1DEB91EB08733DB70010E9CD /* Build configuration list for PBXNativeTarget "XMiLog" */;
			buildPhases = (
				D2AAC043055464E500DB518D /* Headers */,
				D2AAC044055464E500DB518D /* Sources */,
				D289987405E68DCB004EDB86 /* Frameworks */,
			);
			buildRules = (
			);
			dependencies = (
			);
			name = XMiLog;
			productName = XMiLog;
			productReference = D2AAC046055464E500DB518D /* libXMiLog.a */;
			productType = "com.apple.product-type.library.static";
		};
/* End PBXNativeTarget section */

/* Begin PBXProject section */
		08FB7793FE84155DC02AAC07 /* Project object */ = {
			isa = PBXProject;
			buildConfigurationList = 1DEB91EF08733DB70010E9CD /* Build configuration list for PBXProject "XMiLog" */;
			compatibilityVersion = "Xcode 2.4";
			hasScannedForEncodings = 1;
			mainGroup = 08FB7794FE84155DC02AAC07 /* XMiLog */;
			projectDirPath = "";
			projectRoot = "";
			targets = (
				B6B5087B099609600091B7CD /* XMiLogTest */,
				D2AAC045055464E500DB518D /* XMiLog */,
			);
		};
/* End PBXProject section */

/* Begin PBXSourcesBuildPhase section */
		B6B50879099609600091B7CD /* Sources */ = {
			isa = PBXSourcesBuildPhase;
			buildActionMask = 2147483647;
			files = (
				B6B5088509960A410091B7CD /* main.cpp in Sources */,
			);
			runOnlyForDeploymentPostprocessing = 0;
		};
		D2AAC044055464E500DB518D /* Sources */ = {
			isa = PBXSourcesBuildPhase;
			buildActionMask = 2147483647;
			files = (
				B6C6FA39098CF2BF00FF8A74 /* XMiLog.cpp in Sources */,
				B6C6FA3B098CF2BF00FF8A74 /* XMiLogEntry.cpp in Sources */,
				B69038160996173F00800B4E /* XMiTimeStamp.cpp in Sources */,
			);
			runOnlyForDeploymentPostprocessing = 0;
		};
/* End PBXSourcesBuildPhase section */

/* Begin PBXTargetDependency section */
		B6B50883099609BD0091B7CD /* PBXTargetDependency */ = {
			isa = PBXTargetDependency;
			target = D2AAC045055464E500DB518D /* XMiLog */;
			targetProxy = B6B50882099609BD0091B7CD /* PBXContainerItemProxy */;
		};
/* End PBXTargetDependency section */

/* Begin XCBuildConfiguration section */
		1DEB91EC08733DB70010E9CD /* Debug */ = {
			isa = XCBuildConfiguration;
			buildSettings = {
				ARCHS = (
					ppc,
					i386,
				);
				COPY_PHASE_STRIP = NO;
				CURRENT_PROJECT_VERSION = 0.9.1;
				DYLIB_CURRENT_VERSION = 0.9.1;
				GCC_DYNAMIC_NO_PIC = NO;
				GCC_ENABLE_FIX_AND_CONTINUE = YES;
				GCC_MODEL_TUNING = G5;
				GCC_OPTIMIZATION_LEVEL = 0;
				GCC_PREPROCESSOR_DEFINITIONS = (
					_DEBUG,
					MACOS,
				);
				INSTALL_PATH = /usr/local/lib;
				PRODUCT_NAME = XMiLog;
				SDKROOT = /Developer/SDKs/MacOSX10.5.sdk;
				ZERO_LINK = YES;
			};
			name = Debug;
		};
		1DEB91ED08733DB70010E9CD /* Release */ = {
			isa = XCBuildConfiguration;
			buildSettings = {
				ARCHS = (
					ppc,
					i386,
				);
				CURRENT_PROJECT_VERSION = 0.9.1;
				DYLIB_CURRENT_VERSION = 0.9.1;
				GCC_GENERATE_DEBUGGING_SYMBOLS = NO;
				GCC_MODEL_TUNING = G5;
				GCC_PREPROCESSOR_DEFINITIONS = (
					NDEBUG,
					MACOS,
				);
				INSTALL_PATH = /usr/local/lib;
				PRODUCT_NAME = XMiLog;
				SDKROOT = /Developer/SDKs/MacOSX10.5.sdk;
			};
			name = Release;
		};
		1DEB91F008733DB70010E9CD /* Debug */ = {
			isa = XCBuildConfiguration;
			buildSettings = {
				GCC_PREPROCESSOR_DEFINITIONS = (
					DEBUG,
					MACOS,
				);
				GCC_WARN_ABOUT_RETURN_TYPE = YES;
				GCC_WARN_UNUSED_VARIABLE = YES;
				PREBINDING = NO;
				SDKROOT = /Developer/SDKs/MacOSX10.4u.sdk;
			};
			name = Debug;
		};
		1DEB91F108733DB70010E9CD /* Release */ = {
			isa = XCBuildConfiguration;
			buildSettings = {
				GCC_PREPROCESSOR_DEFINITIONS = MACOS;
				GCC_WARN_ABOUT_RETURN_TYPE = YES;
				GCC_WARN_UNUSED_VARIABLE = YES;
				PREBINDING = NO;
				SDKROOT = /Developer/SDKs/MacOSX10.4u.sdk;
			};
			name = Release;
		};
		B6B5087F0996097F0091B7CD /* Debug */ = {
			isa = XCBuildConfiguration;
			buildSettings = {
				COPY_PHASE_STRIP = NO;
				GCC_DYNAMIC_NO_PIC = NO;
				GCC_ENABLE_FIX_AND_CONTINUE = YES;
				GCC_GENERATE_DEBUGGING_SYMBOLS = YES;
				GCC_MODEL_TUNING = G5;
				GCC_OPTIMIZATION_LEVEL = 0;
				INSTALL_PATH = "$(HOME)/bin";
				PREBINDING = NO;
				PRODUCT_NAME = XMiLogTest;
				ZERO_LINK = YES;
			};
			name = Debug;
		};
		B6B508800996097F0091B7CD /* Release */ = {
			isa = XCBuildConfiguration;
			buildSettings = {
				COPY_PHASE_STRIP = YES;
				GCC_ENABLE_FIX_AND_CONTINUE = NO;
				GCC_GENERATE_DEBUGGING_SYMBOLS = NO;
				GCC_MODEL_TUNING = G5;
				INSTALL_PATH = "$(HOME)/bin";
				PREBINDING = NO;
				PRODUCT_NAME = XMiLogTest;
				ZERO_LINK = NO;
			};
			name = Release;
		};
/* End XCBuildConfiguration section */

/* Begin XCConfigurationList section */
		1DEB91EB08733DB70010E9CD /* Build configuration list for PBXNativeTarget "XMiLog" */ = {
			isa = XCConfigurationList;
			buildConfigurations = (
				1DEB91EC08733DB70010E9CD /* Debug */,
				1DEB91ED08733DB70010E9CD /* Release */,
			);
			defaultConfigurationIsVisible = 0;
			defaultConfigurationName = Release;
		};
		1DEB91EF08733DB70010E9CD /* Build configuration list for PBXProject "XMiLog" */ = {
			isa = XCConfigurationList;
			buildConfigurations = (
				1DEB91F008733DB70010E9CD /* Debug */,
				1DEB91F108733DB70010E9CD /* Release */,
			);
			defaultConfigurationIsVisible = 0;
			defaultConfigurationName = Release;
		};
		B6B5087E0996097F0091B7CD /* Build configuration list for PBXNativeTarget "XMiLogTest" */ = {
			isa = XCConfigurationList;
			buildConfigurations = (
				B6B5087F0996097F0091B7CD /* Debug */,
				B6B508800996097F0091B7CD /* Release */,
			);
			defaultConfigurationIsVisible = 0;
			defaultConfigurationName = Release;
		};
/* End XCConfigurationList section */
	};
	rootObject = 08FB7793FE84155DC02AAC07 /* Project object */;
}
